
Microsoft Visual Studio Solution File, Format Version 12.00
# Visual Studio Version 17
VisualStudioVersion = 17.0.32112.339
MinimumVisualStudioVersion = 10.0.40219.1
Project("{FAE04EC0-301F-11D3-BF4B-00C04F79EFBC}") = "awscicdpipline", "awscicdpipline\awscicdpipline.csproj", "{B4A5E579-7459-450E-AE03-E3C3A6384EAB}"
EndProject
Global
	GlobalSection(SolutionConfigurationPlatforms) = preSolution
		Debug|Any CPU = Debug|Any CPU
		Release|Any CPU = Release|Any CPU
	EndGlobalSection
	GlobalSection(ProjectConfigurationPlatforms) = postSolution
		{B4A5E579-7459-450E-AE03-E3C3A6384EAB}.Debug|Any CPU.ActiveCfg = Debug|Any CPU
		{B4A5E579-7459-450E-AE03-E3C3A6384EAB}.Debug|Any CPU.Build.0 = Debug|Any CPU
		{B4A5E579-7459-450E-AE03-E3C3A6384EAB}.Release|Any CPU.ActiveCfg = Release|Any CPU
		{B4A5E579-7459-450E-AE03-E3C3A6384EAB}.Release|Any CPU.Build.0 = Release|Any CPU
	EndGlobalSection
	GlobalSection(SolutionProperties) = preSolution
		HideSolutionNode = FALSE
	EndGlobalSection
	GlobalSection(ExtensibilityGlobals) = postSolution
		SolutionGuid = {E58A01AC-608C-472E-827A-91F73DD58C96}
	EndGlobalSection
EndGlobal
